
Microsoft Visual Studio Solution File, Format Version 12.00
# Visual Studio Version 17
VisualStudioVersion = 17.1.32228.430
MinimumVisualStudioVersion = 10.0.40219.1
Project("{FAE04EC0-301F-11D3-BF4B-00C04F79EFBC}") = "BuggyInventory", "BuggyInventory\BuggyInventory.csproj", "{9AA85FE2-8139-46B7-9891-0FBE15E9356F}"
EndProject
Global
	GlobalSection(SolutionConfigurationPlatforms) = preSolution
		Debug|Any CPU = Debug|Any CPU
		Release|Any CPU = Release|Any CPU
	EndGlobalSection
	GlobalSection(ProjectConfigurationPlatforms) = postSolution
		{9AA85FE2-8139-46B7-9891-0FBE15E9356F}.Debug|Any CPU.ActiveCfg = Debug|Any CPU
		{9AA85FE2-8139-46B7-9891-0FBE15E9356F}.Debug|Any CPU.Build.0 = Debug|Any CPU
		{9AA85FE2-8139-46B7-9891-0FBE15E9356F}.Release|Any CPU.ActiveCfg = Release|Any CPU
		{9AA85FE2-8139-46B7-9891-0FBE15E9356F}.Release|Any CPU.Build.0 = Release|Any CPU
	EndGlobalSection
	GlobalSection(SolutionProperties) = preSolution
		HideSolutionNode = FALSE
	EndGlobalSection
	GlobalSection(ExtensibilityGlobals) = postSolution
		SolutionGuid = {FA007117-AD47-415D-A284-B395283E0244}
	EndGlobalSection
EndGlobal
